// !$*UTF8*$!
{
	archiveVersion = 1;
	classes = {
	};
	objectVersion = 48;
	objects = {

/* Begin PBXBuildFile section */
		ECE551871FD201F100E02654 /* AppDelegate.swift in Sources */ = {isa = PBXBuildFile; fileRef = ECE551861FD201F100E02654 /* AppDelegate.swift */; };
		ECE551891FD201F100E02654 /* DashboardViewController.swift in Sources */ = {isa = PBXBuildFile; fileRef = ECE551881FD201F100E02654 /* DashboardViewController.swift */; };
		ECE5518C1FD201F100E02654 /* Main.storyboard in Resources */ = {isa = PBXBuildFile; fileRef = ECE5518A1FD201F100E02654 /* Main.storyboard */; };
		ECE5518E1FD201F100E02654 /* Assets.xcassets in Resources */ = {isa = PBXBuildFile; fileRef = ECE5518D1FD201F100E02654 /* Assets.xcassets */; };
		ECE551911FD201F100E02654 /* LaunchScreen.storyboard in Resources */ = {isa = PBXBuildFile; fileRef = ECE5518F1FD201F100E02654 /* LaunchScreen.storyboard */; };
		ECFF07351FD38DD000ACD6C7 /* Post.swift in Sources */ = {isa = PBXBuildFile; fileRef = ECFF07341FD38DD000ACD6C7 /* Post.swift */; };
		ECFF07371FD393C800ACD6C7 /* PostCellTableViewCell.swift in Sources */ = {isa = PBXBuildFile; fileRef = ECFF07361FD393C800ACD6C7 /* PostCellTableViewCell.swift */; };
/* End PBXBuildFile section */

/* Begin PBXFileReference section */
		ECE551831FD201F100E02654 /* FocoUnlocked.app */ = {isa = PBXFileReference; explicitFileType = wrapper.application; includeInIndex = 0; path = FocoUnlocked.app; sourceTree = BUILT_PRODUCTS_DIR; };
		ECE551861FD201F100E02654 /* AppDelegate.swift */ = {isa = PBXFileReference; lastKnownFileType = sourcecode.swift; path = AppDelegate.swift; sourceTree = "<group>"; };
		ECE551881FD201F100E02654 /* DashboardViewController.swift */ = {isa = PBXFileReference; lastKnownFileType = sourcecode.swift; path = DashboardViewController.swift; sourceTree = "<group>"; };
		ECE5518B1FD201F100E02654 /* Base */ = {isa = PBXFileReference; lastKnownFileType = file.storyboard; name = Base; path = Base.lproj/Main.storyboard; sourceTree = "<group>"; };
		ECE5518D1FD201F100E02654 /* Assets.xcassets */ = {isa = PBXFileReference; lastKnownFileType = folder.assetcatalog; path = Assets.xcassets; sourceTree = "<group>"; };
		ECE551901FD201F100E02654 /* Base */ = {isa = PBXFileReference; lastKnownFileType = file.storyboard; name = Base; path = Base.lproj/LaunchScreen.storyboard; sourceTree = "<group>"; };
		ECE551921FD201F100E02654 /* Info.plist */ = {isa = PBXFileReference; lastKnownFileType = text.plist.xml; path = Info.plist; sourceTree = "<group>"; };
		ECFF07341FD38DD000ACD6C7 /* Post.swift */ = {isa = PBXFileReference; lastKnownFileType = sourcecode.swift; path = Post.swift; sourceTree = "<group>"; };
		ECFF07361FD393C800ACD6C7 /* PostCellTableViewCell.swift */ = {isa = PBXFileReference; lastKnownFileType = sourcecode.swift; path = PostCellTableViewCell.swift; sourceTree = "<group>"; };
/* End PBXFileReference section */

/* Begin PBXFrameworksBuildPhase section */
		ECE551801FD201F100E02654 /* Frameworks */ = {
			isa = PBXFrameworksBuildPhase;
			buildActionMask = 2147483647;
			files = (
			);
			runOnlyForDeploymentPostprocessing = 0;
		};
/* End PBXFrameworksBuildPhase section */

/* Begin PBXGroup section */
		ECE5517A1FD201F100E02654 = {
			isa = PBXGroup;
			children = (
				ECE551851FD201F100E02654 /* FocoUnlocked */,
				ECE551841FD201F100E02654 /* Products */,
			);
			sourceTree = "<group>";
		};
		ECE551841FD201F100E02654 /* Products */ = {
			isa = PBXGroup;
			children = (
				ECE551831FD201F100E02654 /* FocoUnlocked.app */,
			);
			name = Products;
			sourceTree = "<group>";
		};
		ECE551851FD201F100E02654 /* FocoUnlocked */ = {
			isa = PBXGroup;
			children = (
				ECE551861FD201F100E02654 /* AppDelegate.swift */,
				ECE551881FD201F100E02654 /* DashboardViewController.swift */,
				ECFF07341FD38DD000ACD6C7 /* Post.swift */,
				ECE5518A1FD201F100E02654 /* Main.storyboard */,
				ECFF07361FD393C800ACD6C7 /* PostCellTableViewCell.swift */,
				ECE5518D1FD201F100E02654 /* Assets.xcassets */,
				ECE5518F1FD201F100E02654 /* LaunchScreen.storyboard */,
				ECE551921FD201F100E02654 /* Info.plist */,
			);
			path = FocoUnlocked;
			sourceTree = "<group>";
		};
/* End PBXGroup section */

/* Begin PBXNativeTarget section */
		ECE551821FD201F100E02654 /* FocoUnlocked */ = {
			isa = PBXNativeTarget;
			buildConfigurationList = ECE551951FD201F100E02654 /* Build configuration list for PBXNativeTarget "FocoUnlocked" */;
			buildPhases = (
				ECE5517F1FD201F100E02654 /* Sources */,
				ECE551801FD201F100E02654 /* Frameworks */,
				ECE551811FD201F100E02654 /* Resources */,
			);
			buildRules = (
			);
			dependencies = (
			);
			name = FocoUnlocked;
			productName = FocoUnlocked;
			productReference = ECE551831FD201F100E02654 /* FocoUnlocked.app */;
			productType = "com.apple.product-type.application";
		};
/* End PBXNativeTarget section */

/* Begin PBXProject section */
		ECE5517B1FD201F100E02654 /* Project object */ = {
			isa = PBXProject;
			attributes = {
				LastSwiftUpdateCheck = 0910;
				LastUpgradeCheck = 0910;
				ORGANIZATIONNAME = "Ijemma Onwuzulike";
				TargetAttributes = {
					ECE551821FD201F100E02654 = {
						CreatedOnToolsVersion = 9.1;
						ProvisioningStyle = Automatic;
					};
				};
			};
			buildConfigurationList = ECE5517E1FD201F100E02654 /* Build configuration list for PBXProject "FocoUnlocked" */;
			compatibilityVersion = "Xcode 8.0";
			developmentRegion = en;
			hasScannedForEncodings = 0;
			knownRegions = (
				en,
				Base,
			);
			mainGroup = ECE5517A1FD201F100E02654;
			productRefGroup = ECE551841FD201F100E02654 /* Products */;
			projectDirPath = "";
			projectRoot = "";
			targets = (
				ECE551821FD201F100E02654 /* FocoUnlocked */,
			);
		};
/* End PBXProject section */

/* Begin PBXResourcesBuildPhase section */
		ECE551811FD201F100E02654 /* Resources */ = {
			isa = PBXResourcesBuildPhase;
			buildActionMask = 2147483647;
			files = (
				ECE551911FD201F100E02654 /* LaunchScreen.storyboard in Resources */,
				ECE5518E1FD201F100E02654 /* Assets.xcassets in Resources */,
				ECE5518C1FD201F100E02654 /* Main.storyboard in Resources */,
			);
			runOnlyForDeploymentPostprocessing = 0;
		};
/* End PBXResourcesBuildPhase section */

/* Begin PBXSourcesBuildPhase section */
		ECE5517F1FD201F100E02654 /* Sources */ = {
			isa = PBXSourcesBuildPhase;
			buildActionMask = 2147483647;
			files = (
				ECFF07351FD38DD000ACD6C7 /* Post.swift in Sources */,
				ECE551891FD201F100E02654 /* DashboardViewController.swift in Sources */,
				ECE551871FD201F100E02654 /* AppDelegate.swift in Sources */,
				ECFF07371FD393C800ACD6C7 /* PostCellTableViewCell.swift in Sources */,
			);
			runOnlyForDeploymentPostprocessing = 0;
		};
/* End PBXSourcesBuildPhase section */

/* Begin PBXVariantGroup section */
		ECE5518A1FD201F100E02654 /* Main.storyboard */ = {
			isa = PBXVariantGroup;
			children = (
				ECE5518B1FD201F100E02654 /* Base */,
			);
			name = Main.storyboard;
			sourceTree = "<group>";
		};
		ECE5518F1FD201F100E02654 /* LaunchScreen.storyboard */ = {
			isa = PBXVariantGroup;
			children = (
				ECE551901FD201F100E02654 /* Base */,
			);
			name = LaunchScreen.storyboard;
			sourceTree = "<group>";
		};
/* End PBXVariantGroup section */

/* Begin XCBuildConfiguration section */
		ECE551931FD201F100E02654 /* Debug */ = {
			isa = XCBuildConfiguration;
			buildSettings = {
				ALWAYS_SEARCH_USER_PATHS = NO;
				CLANG_ANALYZER_NONNULL = YES;
				CLANG_ANALYZER_NUMBER_OBJECT_CONVERSION = YES_AGGRESSIVE;
				CLANG_CXX_LANGUAGE_STANDARD = "gnu++14";
				CLANG_CXX_LIBRARY = "libc++";
				CLANG_ENABLE_MODULES = YES;
				CLANG_ENABLE_OBJC_ARC = YES;
				CLANG_WARN_BLOCK_CAPTURE_AUTORELEASING = YES;
				CLANG_WARN_BOOL_CONVERSION = YES;
				CLANG_WARN_COMMA = YES;
				CLANG_WARN_CONSTANT_CONVERSION = YES;
				CLANG_WARN_DIRECT_OBJC_ISA_USAGE = YES_ERROR;
				CLANG_WARN_DOCUMENTATION_COMMENTS = YES;
				CLANG_WARN_EMPTY_BODY = YES;
				CLANG_WARN_ENUM_CONVERSION = YES;
				CLANG_WARN_INFINITE_RECURSION = YES;
				CLANG_WARN_INT_CONVERSION = YES;
				CLANG_WARN_NON_LITERAL_NULL_CONVERSION = YES;
				CLANG_WARN_OBJC_LITERAL_CONVERSION = YES;
				CLANG_WARN_OBJC_ROOT_CLASS = YES_ERROR;
				CLANG_WARN_RANGE_LOOP_ANALYSIS = YES;
				CLANG_WARN_STRICT_PROTOTYPES = YES;
				CLANG_WARN_SUSPICIOUS_MOVE = YES;
				CLANG_WARN_UNGUARDED_AVAILABILITY = YES_AGGRESSIVE;
				CLANG_WARN_UNREACHABLE_CODE = YES;
				CLANG_WARN__DUPLICATE_METHOD_MATCH = YES;
				CODE_SIGN_IDENTITY = "iPhone Developer";
				COPY_PHASE_STRIP = NO;
				DEBUG_INFORMATION_FORMAT = dwarf;
				ENABLE_STRICT_OBJC_MSGSEND = YES;
				ENABLE_TESTABILITY = YES;
				GCC_C_LANGUAGE_STANDARD = gnu11;
				GCC_DYNAMIC_NO_PIC = NO;
				GCC_NO_COMMON_BLOCKS = YES;
				GCC_OPTIMIZATION_LEVEL = 0;
				GCC_PREPROCESSOR_DEFINITIONS = (
					"DEBUG=1",
					"$(inherited)",
				);
				GCC_WARN_64_TO_32_BIT_CONVERSION = YES;
				GCC_WARN_ABOUT_RETURN_TYPE = YES_ERROR;
				GCC_WARN_UNDECLARED_SELECTOR = YES;
				GCC_WARN_UNINITIALIZED_AUTOS = YES_AGGRESSIVE;
				GCC_WARN_UNUSED_FUNCTION = YES;
				GCC_WARN_UNUSED_VARIABLE = YES;
				IPHONEOS_DEPLOYMENT_TARGET = 11.1;
				MTL_ENABLE_DEBUG_INFO = YES;
				ONLY_ACTIVE_ARCH = YES;
				SDKROOT = iphoneos;
				SWIFT_ACTIVE_COMPILATION_CONDITIONS = DEBUG;
				SWIFT_OPTIMIZATION_LEVEL = "-Onone";
			};
			name = Debug;
		};
		ECE551941FD201F100E02654 /* Release */ = {
			isa = XCBuildConfiguration;
			buildSettings = {
				ALWAYS_SEARCH_USER_PATHS = NO;
				CLANG_ANALYZER_NONNULL = YES;
				CLANG_ANALYZER_NUMBER_OBJECT_CONVERSION = YES_AGGRESSIVE;
				CLANG_CXX_LANGUAGE_STANDARD = "gnu++14";
				CLANG_CXX_LIBRARY = "libc++";
				CLANG_ENABLE_MODULES = YES;
				CLANG_ENABLE_OBJC_ARC = YES;
				CLANG_WARN_BLOCK_CAPTURE_AUTORELEASING = YES;
				CLANG_WARN_BOOL_CONVERSION = YES;
				CLANG_WARN_COMMA = YES;
				CLANG_WARN_CONSTANT_CONVERSION = YES;
				CLANG_WARN_DIRECT_OBJC_ISA_USAGE = YES_ERROR;
				CLANG_WARN_DOCUMENTATION_COMMENTS = YES;
				CLANG_WARN_EMPTY_BODY = YES;
				CLANG_WARN_ENUM_CONVERSION = YES;
				CLANG_WARN_INFINITE_RECURSION = YES;
				CLANG_WARN_INT_CONVERSION = YES;
				CLANG_WARN_NON_LITERAL_NULL_CONVERSION = YES;
				CLANG_WARN_OBJC_LITERAL_CONVERSION = YES;
				CLANG_WARN_OBJC_ROOT_CLASS = YES_ERROR;
				CLANG_WARN_RANGE_LOOP_ANALYSIS = YES;
				CLANG_WARN_STRICT_PROTOTYPES = YES;
				CLANG_WARN_SUSPICIOUS_MOVE = YES;
				CLANG_WARN_UNGUARDED_AVAILABILITY = YES_AGGRESSIVE;
				CLANG_WARN_UNREACHABLE_CODE = YES;
				CLANG_WARN__DUPLICATE_METHOD_MATCH = YES;
				CODE_SIGN_IDENTITY = "iPhone Developer";
				COPY_PHASE_STRIP = NO;
				DEBUG_INFORMATION_FORMAT = "dwarf-with-dsym";
				ENABLE_NS_ASSERTIONS = NO;
				ENABLE_STRICT_OBJC_MSGSEND = YES;
				GCC_C_LANGUAGE_STANDARD = gnu11;
				GCC_NO_COMMON_BLOCKS = YES;
				GCC_WARN_64_TO_32_BIT_CONVERSION = YES;
				GCC_WARN_ABOUT_RETURN_TYPE = YES_ERROR;
				GCC_WARN_UNDECLARED_SELECTOR = YES;
				GCC_WARN_UNINITIALIZED_AUTOS = YES_AGGRESSIVE;
				GCC_WARN_UNUSED_FUNCTION = YES;
				GCC_WARN_UNUSED_VARIABLE = YES;
				IPHONEOS_DEPLOYMENT_TARGET = 11.1;
				MTL_ENABLE_DEBUG_INFO = NO;
				SDKROOT = iphoneos;
				SWIFT_OPTIMIZATION_LEVEL = "-Owholemodule";
				VALIDATE_PRODUCT = YES;
			};
			name = Release;
		};
		ECE551961FD201F100E02654 /* Debug */ = {
			isa = XCBuildConfiguration;
			buildSettings = {
				ASSETCATALOG_COMPILER_APPICON_NAME = AppIcon;
				CODE_SIGN_STYLE = Automatic;
				INFOPLIST_FILE = FocoUnlocked/Info.plist;
				LD_RUNPATH_SEARCH_PATHS = "$(inherited) @executable_path/Frameworks";
				PRODUCT_BUNDLE_IDENTIFIER = com.ijemmao.FocoUnlocked;
				PRODUCT_NAME = "$(TARGET_NAME)";
				SWIFT_VERSION = 4.0;
				TARGETED_DEVICE_FAMILY = "1,2";
			};
			name = Debug;
		};
		ECE551971FD201F100E02654 /* Release */ = {
			isa = XCBuildConfiguration;
			buildSettings = {
				ASSETCATALOG_COMPILER_APPICON_NAME = AppIcon;
				CODE_SIGN_STYLE = Automatic;
				INFOPLIST_FILE = FocoUnlocked/Info.plist;
				LD_RUNPATH_SEARCH_PATHS = "$(inherited) @executable_path/Frameworks";
				PRODUCT_BUNDLE_IDENTIFIER = com.ijemmao.FocoUnlocked;
				PRODUCT_NAME = "$(TARGET_NAME)";
				SWIFT_VERSION = 4.0;
				TARGETED_DEVICE_FAMILY = "1,2";
			};
			name = Release;
		};
/* End XCBuildConfiguration section */

/* Begin XCConfigurationList section */
		ECE5517E1FD201F100E02654 /* Build configuration list for PBXProject "FocoUnlocked" */ = {
			isa = XCConfigurationList;
			buildConfigurations = (
				ECE551931FD201F100E02654 /* Debug */,
				ECE551941FD201F100E02654 /* Release */,
			);
			defaultConfigurationIsVisible = 0;
			defaultConfigurationName = Release;
		};
		ECE551951FD201F100E02654 /* Build configuration list for PBXNativeTarget "FocoUnlocked" */ = {
			isa = XCConfigurationList;
			buildConfigurations = (
				ECE551961FD201F100E02654 /* Debug */,
				ECE551971FD201F100E02654 /* Release */,
			);
			defaultConfigurationIsVisible = 0;
			defaultConfigurationName = Release;
		};
/* End XCConfigurationList section */
	};
	rootObject = ECE5517B1FD201F100E02654 /* Project object */;
}
